
Microsoft Visual Studio Solution File, Format Version 12.00
# Visual Studio Version 16
VisualStudioVersion = 16.0.31515.178
MinimumVisualStudioVersion = 10.0.40219.1
Project("{888888A0-9F3D-457C-B088-3A5042F75D52}") = "AddingSecurity", "AddingSecurity.pyproj", "{F86BDBD9-BD1C-4B39-AB1C-3CCC303A0EB7}"
EndProject
Global
	GlobalSection(SolutionConfigurationPlatforms) = preSolution
		Debug|Any CPU = Debug|Any CPU
		Release|Any CPU = Release|Any CPU
	EndGlobalSection
	GlobalSection(ProjectConfigurationPlatforms) = postSolution
		{F86BDBD9-BD1C-4B39-AB1C-3CCC303A0EB7}.Debug|Any CPU.ActiveCfg = Debug|Any CPU
		{F86BDBD9-BD1C-4B39-AB1C-3CCC303A0EB7}.Release|Any CPU.ActiveCfg = Release|Any CPU
	EndGlobalSection
	GlobalSection(SolutionProperties) = preSolution
		HideSolutionNode = FALSE
	EndGlobalSection
	GlobalSection(ExtensibilityGlobals) = postSolution
		SolutionGuid = {954EB7E8-AA00-4256-AB6E-C6DC6F940696}
	EndGlobalSection
EndGlobal
